
Microsoft Visual Studio Solution File, Format Version 12.00
# Visual Studio 15
VisualStudioVersion = 15.0.27004.2002
MinimumVisualStudioVersion = 10.0.40219.1
Project("{9A19103F-16F7-4668-BE54-9A1E7A4F7556}") = "UniCircleDifficulty", "UniCircleDifficulty\UniCircleDifficulty.csproj", "{CD990CB8-3978-4F5C-9B6A-DE681895C24B}"
EndProject
Project("{9A19103F-16F7-4668-BE54-9A1E7A4F7556}") = "UniCircleTools", "UniCircleTools\UniCircleTools\UniCircleTools.csproj", "{0DB7D828-7876-4160-AEAC-48D5BC25904B}"
EndProject
Project("{FAE04EC0-301F-11D3-BF4B-00C04F79EFBC}") = "UniCircleVisualiser", "UniCircleVisualiser\UniCircleVisualiser.csproj", "{2E8807C5-4DDB-463A-970F-E85940A1B97C}"
EndProject
Global
	GlobalSection(SolutionConfigurationPlatforms) = preSolution
		Debug|Any CPU = Debug|Any CPU
		Release|Any CPU = Release|Any CPU
	EndGlobalSection
	GlobalSection(ProjectConfigurationPlatforms) = postSolution
		{CD990CB8-3978-4F5C-9B6A-DE681895C24B}.Debug|Any CPU.ActiveCfg = Debug|Any CPU
		{CD990CB8-3978-4F5C-9B6A-DE681895C24B}.Debug|Any CPU.Build.0 = Debug|Any CPU
		{CD990CB8-3978-4F5C-9B6A-DE681895C24B}.Release|Any CPU.ActiveCfg = Release|Any CPU
		{CD990CB8-3978-4F5C-9B6A-DE681895C24B}.Release|Any CPU.Build.0 = Release|Any CPU
		{0DB7D828-7876-4160-AEAC-48D5BC25904B}.Debug|Any CPU.ActiveCfg = Debug|Any CPU
		{0DB7D828-7876-4160-AEAC-48D5BC25904B}.Debug|Any CPU.Build.0 = Debug|Any CPU
		{0DB7D828-7876-4160-AEAC-48D5BC25904B}.Release|Any CPU.ActiveCfg = Release|Any CPU
		{0DB7D828-7876-4160-AEAC-48D5BC25904B}.Release|Any CPU.Build.0 = Release|Any CPU
		{2E8807C5-4DDB-463A-970F-E85940A1B97C}.Debug|Any CPU.ActiveCfg = Debug|Any CPU
		{2E8807C5-4DDB-463A-970F-E85940A1B97C}.Debug|Any CPU.Build.0 = Debug|Any CPU
		{2E8807C5-4DDB-463A-970F-E85940A1B97C}.Release|Any CPU.ActiveCfg = Release|Any CPU
		{2E8807C5-4DDB-463A-970F-E85940A1B97C}.Release|Any CPU.Build.0 = Release|Any CPU
	EndGlobalSection
	GlobalSection(SolutionProperties) = preSolution
		HideSolutionNode = FALSE
	EndGlobalSection
	GlobalSection(ExtensibilityGlobals) = postSolution
		SolutionGuid = {E38A83EF-24F0-4C40-AF6B-E52E00BA1F78}
	EndGlobalSection
EndGlobal
